
Microsoft Visual Studio Solution File, Format Version 12.00
# Visual Studio 2012
Project("{2150E333-8FDC-42A3-9474-1A3956D46DE8}") = "Samples", "Samples", "{88EB5CDE-C378-44CB-B11C-D60440BBB718}"
EndProject
Project("{FAE04EC0-301F-11D3-BF4B-00C04F79EFBC}") = "DOMTree", "samples\DOMTree\DOMTree.csproj", "{E17462CC-1739-4285-BCC7-9D6501C8CC50}"
EndProject
Project("{FAE04EC0-301F-11D3-BF4B-00C04F79EFBC}") = "DOMElement", "samples\DOMElement\DOMElement.csproj", "{A3EDAD12-6588-42C6-B137-F55C9E522C64}"
EndProject
Project("{FAE04EC0-301F-11D3-BF4B-00C04F79EFBC}") = "Hello1", "samples\Hello1\Hello1.csproj", "{37D6DF62-A582-41C0-BC98-8C9E3CC5DACB}"
EndProject
Project("{FAE04EC0-301F-11D3-BF4B-00C04F79EFBC}") = "Hello", "samples\Hello\Hello.csproj", "{C8CD55F6-8D1A-4036-A1B4-154AC93FF474}"
EndProject
Project("{FAE04EC0-301F-11D3-BF4B-00C04F79EFBC}") = "CreateElement", "samples\CreateElement\CreateElement.csproj", "{0CF03C78-657A-4948-910F-9CB764557474}"
EndProject
Project("{FAE04EC0-301F-11D3-BF4B-00C04F79EFBC}") = "DragNDrop", "samples\DragNDrop\DragNDrop.csproj", "{13FDFF20-830D-45EC-B4D8-5D58C84BA0EE}"
EndProject
Project("{FAE04EC0-301F-11D3-BF4B-00C04F79EFBC}") = "HelloElectron", "samples\HelloElectron\src\HelloElectron.csproj", "{41C38C21-B543-496D-AB8C-E71BE9C0811D}"
EndProject
Project("{2150E333-8FDC-42A3-9474-1A3956D46DE8}") = "Forms", "Forms", "{4A87F6E0-32DA-477B-9C35-C18A2FA16FBD}"
EndProject
Project("{FAE04EC0-301F-11D3-BF4B-00C04F79EFBC}") = "Forms", "samples\Forms\Forms.csproj", "{9A717B13-B29B-4994-91EE-39A16065F474}"
EndProject
Project("{FAE04EC0-301F-11D3-BF4B-00C04F79EFBC}") = "WebAssembly.Browser", "WebAssembly.Browser\WebAssembly.Browser.csproj", "{8C54652C-6036-41B7-AEB9-A1FF7748331B}"
EndProject
Project("{FAE04EC0-301F-11D3-BF4B-00C04F79EFBC}") = "HelloDotNetStandard", "samples\HelloDotNetStandard\HelloDotNetStandard.csproj", "{02F7EE46-90A2-49EB-B335-643460D0B004}"
EndProject
Project("{FAE04EC0-301F-11D3-BF4B-00C04F79EFBC}") = "HelloCanvas", "samples\HelloCanvas\HelloCanvas.csproj", "{42AC3660-4012-4197-B53A-BFCAD8B00203}"
EndProject
Project("{FAE04EC0-301F-11D3-BF4B-00C04F79EFBC}") = "CanvasResize", "samples\CanvasResize\CanvasResize.csproj", "{C06D8EBB-3936-45F4-B7DA-BAAC386DA77B}"
EndProject
Global
	GlobalSection(SolutionConfigurationPlatforms) = preSolution
		Debug|Any CPU = Debug|Any CPU
		Release|Any CPU = Release|Any CPU
	EndGlobalSection
	GlobalSection(ProjectConfigurationPlatforms) = postSolution
		{E17462CC-1739-4285-BCC7-9D6501C8CC50}.Debug|Any CPU.ActiveCfg = Debug|Any CPU
		{E17462CC-1739-4285-BCC7-9D6501C8CC50}.Debug|Any CPU.Build.0 = Debug|Any CPU
		{E17462CC-1739-4285-BCC7-9D6501C8CC50}.Release|Any CPU.ActiveCfg = Release|Any CPU
		{E17462CC-1739-4285-BCC7-9D6501C8CC50}.Release|Any CPU.Build.0 = Release|Any CPU
		{A3EDAD12-6588-42C6-B137-F55C9E522C64}.Debug|Any CPU.ActiveCfg = Debug|Any CPU
		{A3EDAD12-6588-42C6-B137-F55C9E522C64}.Debug|Any CPU.Build.0 = Debug|Any CPU
		{A3EDAD12-6588-42C6-B137-F55C9E522C64}.Release|Any CPU.ActiveCfg = Release|Any CPU
		{A3EDAD12-6588-42C6-B137-F55C9E522C64}.Release|Any CPU.Build.0 = Release|Any CPU
		{37D6DF62-A582-41C0-BC98-8C9E3CC5DACB}.Debug|Any CPU.ActiveCfg = Debug|Any CPU
		{37D6DF62-A582-41C0-BC98-8C9E3CC5DACB}.Debug|Any CPU.Build.0 = Debug|Any CPU
		{37D6DF62-A582-41C0-BC98-8C9E3CC5DACB}.Release|Any CPU.ActiveCfg = Release|Any CPU
		{37D6DF62-A582-41C0-BC98-8C9E3CC5DACB}.Release|Any CPU.Build.0 = Release|Any CPU
		{C8CD55F6-8D1A-4036-A1B4-154AC93FF474}.Debug|Any CPU.ActiveCfg = Debug|Any CPU
		{C8CD55F6-8D1A-4036-A1B4-154AC93FF474}.Debug|Any CPU.Build.0 = Debug|Any CPU
		{C8CD55F6-8D1A-4036-A1B4-154AC93FF474}.Release|Any CPU.ActiveCfg = Release|Any CPU
		{C8CD55F6-8D1A-4036-A1B4-154AC93FF474}.Release|Any CPU.Build.0 = Release|Any CPU
		{0CF03C78-657A-4948-910F-9CB764557474}.Debug|Any CPU.ActiveCfg = Debug|Any CPU
		{0CF03C78-657A-4948-910F-9CB764557474}.Debug|Any CPU.Build.0 = Debug|Any CPU
		{0CF03C78-657A-4948-910F-9CB764557474}.Release|Any CPU.ActiveCfg = Release|Any CPU
		{0CF03C78-657A-4948-910F-9CB764557474}.Release|Any CPU.Build.0 = Release|Any CPU
		{13FDFF20-830D-45EC-B4D8-5D58C84BA0EE}.Debug|Any CPU.ActiveCfg = Debug|Any CPU
		{13FDFF20-830D-45EC-B4D8-5D58C84BA0EE}.Debug|Any CPU.Build.0 = Debug|Any CPU
		{13FDFF20-830D-45EC-B4D8-5D58C84BA0EE}.Release|Any CPU.ActiveCfg = Release|Any CPU
		{13FDFF20-830D-45EC-B4D8-5D58C84BA0EE}.Release|Any CPU.Build.0 = Release|Any CPU
		{41C38C21-B543-496D-AB8C-E71BE9C0811D}.Debug|Any CPU.ActiveCfg = Debug|Any CPU
		{41C38C21-B543-496D-AB8C-E71BE9C0811D}.Debug|Any CPU.Build.0 = Debug|Any CPU
		{41C38C21-B543-496D-AB8C-E71BE9C0811D}.Release|Any CPU.ActiveCfg = Release|Any CPU
		{41C38C21-B543-496D-AB8C-E71BE9C0811D}.Release|Any CPU.Build.0 = Release|Any CPU
		{9A717B13-B29B-4994-91EE-39A16065F474}.Debug|Any CPU.ActiveCfg = Debug|Any CPU
		{9A717B13-B29B-4994-91EE-39A16065F474}.Debug|Any CPU.Build.0 = Debug|Any CPU
		{9A717B13-B29B-4994-91EE-39A16065F474}.Release|Any CPU.ActiveCfg = Release|Any CPU
		{9A717B13-B29B-4994-91EE-39A16065F474}.Release|Any CPU.Build.0 = Release|Any CPU
		{8C54652C-6036-41B7-AEB9-A1FF7748331B}.Debug|Any CPU.ActiveCfg = Debug|Any CPU
		{8C54652C-6036-41B7-AEB9-A1FF7748331B}.Debug|Any CPU.Build.0 = Debug|Any CPU
		{8C54652C-6036-41B7-AEB9-A1FF7748331B}.Release|Any CPU.ActiveCfg = Release|Any CPU
		{8C54652C-6036-41B7-AEB9-A1FF7748331B}.Release|Any CPU.Build.0 = Release|Any CPU
		{02F7EE46-90A2-49EB-B335-643460D0B004}.Debug|Any CPU.ActiveCfg = Debug|Any CPU
		{02F7EE46-90A2-49EB-B335-643460D0B004}.Debug|Any CPU.Build.0 = Debug|Any CPU
		{02F7EE46-90A2-49EB-B335-643460D0B004}.Release|Any CPU.ActiveCfg = Release|Any CPU
		{02F7EE46-90A2-49EB-B335-643460D0B004}.Release|Any CPU.Build.0 = Release|Any CPU
		{42AC3660-4012-4197-B53A-BFCAD8B00203}.Debug|Any CPU.ActiveCfg = Debug|Any CPU
		{42AC3660-4012-4197-B53A-BFCAD8B00203}.Debug|Any CPU.Build.0 = Debug|Any CPU
		{42AC3660-4012-4197-B53A-BFCAD8B00203}.Release|Any CPU.ActiveCfg = Release|Any CPU
		{42AC3660-4012-4197-B53A-BFCAD8B00203}.Release|Any CPU.Build.0 = Release|Any CPU
		{C06D8EBB-3936-45F4-B7DA-BAAC386DA77B}.Debug|Any CPU.ActiveCfg = Debug|Any CPU
		{C06D8EBB-3936-45F4-B7DA-BAAC386DA77B}.Debug|Any CPU.Build.0 = Debug|Any CPU
		{C06D8EBB-3936-45F4-B7DA-BAAC386DA77B}.Release|Any CPU.ActiveCfg = Release|Any CPU
		{C06D8EBB-3936-45F4-B7DA-BAAC386DA77B}.Release|Any CPU.Build.0 = Release|Any CPU
	EndGlobalSection
	GlobalSection(NestedProjects) = preSolution
		{E17462CC-1739-4285-BCC7-9D6501C8CC50} = {88EB5CDE-C378-44CB-B11C-D60440BBB718}
		{A3EDAD12-6588-42C6-B137-F55C9E522C64} = {88EB5CDE-C378-44CB-B11C-D60440BBB718}
		{37D6DF62-A582-41C0-BC98-8C9E3CC5DACB} = {88EB5CDE-C378-44CB-B11C-D60440BBB718}
		{C8CD55F6-8D1A-4036-A1B4-154AC93FF474} = {88EB5CDE-C378-44CB-B11C-D60440BBB718}
		{0CF03C78-657A-4948-910F-9CB764557474} = {88EB5CDE-C378-44CB-B11C-D60440BBB718}
		{13FDFF20-830D-45EC-B4D8-5D58C84BA0EE} = {88EB5CDE-C378-44CB-B11C-D60440BBB718}
		{41C38C21-B543-496D-AB8C-E71BE9C0811D} = {88EB5CDE-C378-44CB-B11C-D60440BBB718}
		{9A717B13-B29B-4994-91EE-39A16065F474} = {4A87F6E0-32DA-477B-9C35-C18A2FA16FBD}
		{02F7EE46-90A2-49EB-B335-643460D0B004} = {88EB5CDE-C378-44CB-B11C-D60440BBB718}
		{42AC3660-4012-4197-B53A-BFCAD8B00203} = {88EB5CDE-C378-44CB-B11C-D60440BBB718}
		{C06D8EBB-3936-45F4-B7DA-BAAC386DA77B} = {88EB5CDE-C378-44CB-B11C-D60440BBB718}
	EndGlobalSection
EndGlobal
